
Microsoft Visual Studio Solution File, Format Version 12.00
# Visual Studio Version 17
VisualStudioVersion = 17.0.31903.59
MinimumVisualStudioVersion = 10.0.40219.1
Project("{2150E333-8FDC-42A3-9474-1A3956D46DE8}") = "src", "src", "{827E0CD3-B72D-47B6-A68D-7590B98EB39B}"
EndProject
Project("{FAE04EC0-301F-11D3-BF4B-00C04F79EFBC}") = "PvpDuel.Core", "src\PvpDuel.Core\PvpDuel.Core.csproj", "{B2125384-3FAB-4A62-A866-884545D3FB40}"
EndProject
Project("{FAE04EC0-301F-11D3-BF4B-00C04F79EFBC}") = "PvpDuel", "src\PvpDuel\PvpDuel.csproj", "{66D6014F-C037-47DD-852D-6218E2C508B6}"
EndProject
Project("{FAE04EC0-301F-11D3-BF4B-00C04F79EFBC}") = "PvpDuel.Core.Tests", "tests\PvpDuel.Core.Tests\PvpDuel.Core.Tests.csproj", "{4DBDE1CF-0F76-47FC-B654-9AE1835BE251}"
EndProject
Global
	GlobalSection(SolutionConfigurationPlatforms) = preSolution
		Debug|Any CPU = Debug|Any CPU
		Debug|x64 = Debug|x64
		Debug|x86 = Debug|x86
		Release|Any CPU = Release|Any CPU
		Release|x64 = Release|x64
		Release|x86 = Release|x86
	EndGlobalSection
	GlobalSection(ProjectConfigurationPlatforms) = postSolution
		{B2125384-3FAB-4A62-A866-884545D3FB40}.Debug|Any CPU.ActiveCfg = Debug|Any CPU
		{B2125384-3FAB-4A62-A866-884545D3FB40}.Debug|Any CPU.Build.0 = Debug|Any CPU
		{B2125384-3FAB-4A62-A866-884545D3FB40}.Debug|x64.ActiveCfg = Debug|Any CPU
		{B2125384-3FAB-4A62-A866-884545D3FB40}.Debug|x64.Build.0 = Debug|Any CPU
		{B2125384-3FAB-4A62-A866-884545D3FB40}.Debug|x86.ActiveCfg = Debug|Any CPU
		{B2125384-3FAB-4A62-A866-884545D3FB40}.Debug|x86.Build.0 = Debug|Any CPU
		{B2125384-3FAB-4A62-A866-884545D3FB40}.Release|Any CPU.ActiveCfg = Release|Any CPU
		{B2125384-3FAB-4A62-A866-884545D3FB40}.Release|Any CPU.Build.0 = Release|Any CPU
		{B2125384-3FAB-4A62-A866-884545D3FB40}.Release|x64.ActiveCfg = Release|Any CPU
		{B2125384-3FAB-4A62-A866-884545D3FB40}.Release|x64.Build.0 = Release|Any CPU
		{B2125384-3FAB-4A62-A866-884545D3FB40}.Release|x86.ActiveCfg = Release|Any CPU
		{B2125384-3FAB-4A62-A866-884545D3FB40}.Release|x86.Build.0 = Release|Any CPU
		{66D6014F-C037-47DD-852D-6218E2C508B6}.Debug|Any CPU.ActiveCfg = Debug|Any CPU
		{66D6014F-C037-47DD-852D-6218E2C508B6}.Debug|Any CPU.Build.0 = Debug|Any CPU
		{66D6014F-C037-47DD-852D-6218E2C508B6}.Debug|x64.ActiveCfg = Debug|Any CPU
		{66D6014F-C037-47DD-852D-6218E2C508B6}.Debug|x64.Build.0 = Debug|Any CPU
		{66D6014F-C037-47DD-852D-6218E2C508B6}.Debug|x86.ActiveCfg = Debug|Any CPU
		{66D6014F-C037-47DD-852D-6218E2C508B6}.Debug|x86.Build.0 = Debug|Any CPU
		{66D6014F-C037-47DD-852D-6218E2C508B6}.Release|Any CPU.ActiveCfg = Release|Any CPU
		{66D6014F-C037-47DD-852D-6218E2C508B6}.Release|Any CPU.Build.0 = Release|Any CPU
		{66D6014F-C037-47DD-852D-6218E2C508B6}.Release|x64.ActiveCfg = Release|Any CPU
		{66D6014F-C037-47DD-852D-6218E2C508B6}.Release|x64.Build.0 = Release|Any CPU
		{66D6014F-C037-47DD-852D-6218E2C508B6}.Release|x86.ActiveCfg = Release|Any CPU
		{66D6014F-C037-47DD-852D-6218E2C508B6}.Release|x86.Build.0 = Release|Any CPU
		{4DBDE1CF-0F76-47FC-B654-9AE1835BE251}.Debug|Any CPU.ActiveCfg = Debug|Any CPU
		{4DBDE1CF-0F76-47FC-B654-9AE1835BE251}.Debug|Any CPU.Build.0 = Debug|Any CPU
		{4DBDE1CF-0F76-47FC-B654-9AE1835BE251}.Debug|x64.ActiveCfg = Debug|Any CPU
		{4DBDE1CF-0F76-47FC-B654-9AE1835BE251}.Debug|x64.Build.0 = Debug|Any CPU
		{4DBDE1CF-0F76-47FC-B654-9AE1835BE251}.Debug|x86.ActiveCfg = Debug|Any CPU
		{4DBDE1CF-0F76-47FC-B654-9AE1835BE251}.Debug|x86.Build.0 = Debug|Any CPU
		{4DBDE1CF-0F76-47FC-B654-9AE1835BE251}.Release|Any CPU.ActiveCfg = Release|Any CPU
		{4DBDE1CF-0F76-47FC-B654-9AE1835BE251}.Release|Any CPU.Build.0 = Release|Any CPU
		{4DBDE1CF-0F76-47FC-B654-9AE1835BE251}.Release|x64.ActiveCfg = Release|Any CPU
		{4DBDE1CF-0F76-47FC-B654-9AE1835BE251}.Release|x64.Build.0 = Release|Any CPU
		{4DBDE1CF-0F76-47FC-B654-9AE1835BE251}.Release|x86.ActiveCfg = Release|Any CPU
		{4DBDE1CF-0F76-47FC-B654-9AE1835BE251}.Release|x86.Build.0 = Release|Any CPU
	EndGlobalSection
	GlobalSection(SolutionProperties) = preSolution
		HideSolutionNode = FALSE
	EndGlobalSection
	GlobalSection(NestedProjects) = preSolution
		{B2125384-3FAB-4A62-A866-884545D3FB40} = {827E0CD3-B72D-47B6-A68D-7590B98EB39B}
		{66D6014F-C037-47DD-852D-6218E2C508B6} = {827E0CD3-B72D-47B6-A68D-7590B98EB39B}
		{4DBDE1CF-0F76-47FC-B654-9AE1835BE251} = {827E0CD3-B72D-47B6-A68D-7590B98EB39B}
	EndGlobalSection
EndGlobal
